
Microsoft Visual Studio Solution File, Format Version 12.00
# Visual Studio 14
VisualStudioVersion = 14.0.22823.1
MinimumVisualStudioVersion = 10.0.40219.1
Project("{FAE04EC0-301F-11D3-BF4B-00C04F79EFBC}") = "Melek", "Melek\Melek.csproj", "{49B35443-ED18-4644-B09B-DBEBD2476AE8}"
EndProject
Project("{FAE04EC0-301F-11D3-BF4B-00C04F79EFBC}") = "Melek.Tests", "Melek.Tests\Melek.Tests.csproj", "{EE9E7DB9-8DB2-4729-85EB-FBD25345B820}"
EndProject
Project("{FAE04EC0-301F-11D3-BF4B-00C04F79EFBC}") = "Melek.Db", "Melek.Db\Melek.Db.csproj", "{C75D67BF-4D0D-451B-AD49-45FFD890E866}"
EndProject
Project("{FAE04EC0-301F-11D3-BF4B-00C04F79EFBC}") = "Melek.Nivix", "Melek.Nivix\Melek.Nivix.csproj", "{1EB0C33D-264C-4680-A46E-996444E14E41}"
EndProject
Project("{8BB2217D-0F2D-49D1-97BC-3654ED321F3B}") = "Melek.Api", "Melek.Api\Melek.Api.xproj", "{79A1421D-5830-442F-85FE-5F65A420F5F2}"
EndProject
Global
	GlobalSection(SolutionConfigurationPlatforms) = preSolution
		Debug|Any CPU = Debug|Any CPU
		Release|Any CPU = Release|Any CPU
	EndGlobalSection
	GlobalSection(ProjectConfigurationPlatforms) = postSolution
		{49B35443-ED18-4644-B09B-DBEBD2476AE8}.Debug|Any CPU.ActiveCfg = Debug|Any CPU
		{49B35443-ED18-4644-B09B-DBEBD2476AE8}.Debug|Any CPU.Build.0 = Debug|Any CPU
		{49B35443-ED18-4644-B09B-DBEBD2476AE8}.Release|Any CPU.ActiveCfg = Release|Any CPU
		{49B35443-ED18-4644-B09B-DBEBD2476AE8}.Release|Any CPU.Build.0 = Release|Any CPU
		{EE9E7DB9-8DB2-4729-85EB-FBD25345B820}.Debug|Any CPU.ActiveCfg = Debug|Any CPU
		{EE9E7DB9-8DB2-4729-85EB-FBD25345B820}.Debug|Any CPU.Build.0 = Debug|Any CPU
		{EE9E7DB9-8DB2-4729-85EB-FBD25345B820}.Release|Any CPU.ActiveCfg = Release|Any CPU
		{EE9E7DB9-8DB2-4729-85EB-FBD25345B820}.Release|Any CPU.Build.0 = Release|Any CPU
		{C75D67BF-4D0D-451B-AD49-45FFD890E866}.Debug|Any CPU.ActiveCfg = Debug|Any CPU
		{C75D67BF-4D0D-451B-AD49-45FFD890E866}.Debug|Any CPU.Build.0 = Debug|Any CPU
		{C75D67BF-4D0D-451B-AD49-45FFD890E866}.Release|Any CPU.ActiveCfg = Release|Any CPU
		{C75D67BF-4D0D-451B-AD49-45FFD890E866}.Release|Any CPU.Build.0 = Release|Any CPU
		{1EB0C33D-264C-4680-A46E-996444E14E41}.Debug|Any CPU.ActiveCfg = Debug|Any CPU
		{1EB0C33D-264C-4680-A46E-996444E14E41}.Debug|Any CPU.Build.0 = Debug|Any CPU
		{1EB0C33D-264C-4680-A46E-996444E14E41}.Release|Any CPU.ActiveCfg = Release|Any CPU
		{1EB0C33D-264C-4680-A46E-996444E14E41}.Release|Any CPU.Build.0 = Release|Any CPU
		{79A1421D-5830-442F-85FE-5F65A420F5F2}.Debug|Any CPU.ActiveCfg = Debug|Any CPU
		{79A1421D-5830-442F-85FE-5F65A420F5F2}.Debug|Any CPU.Build.0 = Debug|Any CPU
		{79A1421D-5830-442F-85FE-5F65A420F5F2}.Release|Any CPU.ActiveCfg = Release|Any CPU
		{79A1421D-5830-442F-85FE-5F65A420F5F2}.Release|Any CPU.Build.0 = Release|Any CPU
	EndGlobalSection
	GlobalSection(SolutionProperties) = preSolution
		HideSolutionNode = FALSE
	EndGlobalSection
EndGlobal
