
Microsoft Visual Studio Solution File, Format Version 12.00
# Visual Studio 14
VisualStudioVersion = 14.0.22823.1
MinimumVisualStudioVersion = 10.0.40219.1
Project("{FAE04EC0-301F-11D3-BF4B-00C04F79EFBC}") = "Melek.Tests", "Melek.Tests\Melek.Tests.csproj", "{EE9E7DB9-8DB2-4729-85EB-FBD25345B820}"
EndProject
Project("{FAE04EC0-301F-11D3-BF4B-00C04F79EFBC}") = "Melek.Db", "Melek.Db\Melek.Db.csproj", "{C75D67BF-4D0D-451B-AD49-45FFD890E866}"
EndProject
Project("{FAE04EC0-301F-11D3-BF4B-00C04F79EFBC}") = "Melek.Nivix", "Melek.Nivix\Melek.Nivix.csproj", "{1EB0C33D-264C-4680-A46E-996444E14E41}"
EndProject
Project("{8BB2217D-0F2D-49D1-97BC-3654ED321F3B}") = "Melek.Client", "Melek.Client\Melek.Client.xproj", "{14B22ACA-2CCF-4C54-84E3-DB0251F8E58B}"
EndProject
Project("{FAE04EC0-301F-11D3-BF4B-00C04F79EFBC}") = "Melek.Api", "Melek.Api\Melek.Api.csproj", "{79FAD444-21E0-4666-9DD1-81863F6AA1CB}"
EndProject
Project("{8BB2217D-0F2D-49D1-97BC-3654ED321F3B}") = "Melek.Domain", "Melek.Domain\Melek.Domain.xproj", "{17E4C6A0-5A9A-492D-B66A-506F31A5D55B}"
EndProject
Global
	GlobalSection(SolutionConfigurationPlatforms) = preSolution
		Debug|Any CPU = Debug|Any CPU
		Release|Any CPU = Release|Any CPU
	EndGlobalSection
	GlobalSection(ProjectConfigurationPlatforms) = postSolution
		{EE9E7DB9-8DB2-4729-85EB-FBD25345B820}.Debug|Any CPU.ActiveCfg = Debug|Any CPU
		{EE9E7DB9-8DB2-4729-85EB-FBD25345B820}.Debug|Any CPU.Build.0 = Debug|Any CPU
		{EE9E7DB9-8DB2-4729-85EB-FBD25345B820}.Release|Any CPU.ActiveCfg = Release|Any CPU
		{EE9E7DB9-8DB2-4729-85EB-FBD25345B820}.Release|Any CPU.Build.0 = Release|Any CPU
		{C75D67BF-4D0D-451B-AD49-45FFD890E866}.Debug|Any CPU.ActiveCfg = Debug|Any CPU
		{C75D67BF-4D0D-451B-AD49-45FFD890E866}.Debug|Any CPU.Build.0 = Debug|Any CPU
		{C75D67BF-4D0D-451B-AD49-45FFD890E866}.Release|Any CPU.ActiveCfg = Release|Any CPU
		{C75D67BF-4D0D-451B-AD49-45FFD890E866}.Release|Any CPU.Build.0 = Release|Any CPU
		{1EB0C33D-264C-4680-A46E-996444E14E41}.Debug|Any CPU.ActiveCfg = Debug|Any CPU
		{1EB0C33D-264C-4680-A46E-996444E14E41}.Debug|Any CPU.Build.0 = Debug|Any CPU
		{1EB0C33D-264C-4680-A46E-996444E14E41}.Release|Any CPU.ActiveCfg = Release|Any CPU
		{1EB0C33D-264C-4680-A46E-996444E14E41}.Release|Any CPU.Build.0 = Release|Any CPU
		{14B22ACA-2CCF-4C54-84E3-DB0251F8E58B}.Debug|Any CPU.ActiveCfg = Debug|Any CPU
		{14B22ACA-2CCF-4C54-84E3-DB0251F8E58B}.Debug|Any CPU.Build.0 = Debug|Any CPU
		{14B22ACA-2CCF-4C54-84E3-DB0251F8E58B}.Release|Any CPU.ActiveCfg = Release|Any CPU
		{14B22ACA-2CCF-4C54-84E3-DB0251F8E58B}.Release|Any CPU.Build.0 = Release|Any CPU
		{79FAD444-21E0-4666-9DD1-81863F6AA1CB}.Debug|Any CPU.ActiveCfg = Debug|Any CPU
		{79FAD444-21E0-4666-9DD1-81863F6AA1CB}.Debug|Any CPU.Build.0 = Debug|Any CPU
		{79FAD444-21E0-4666-9DD1-81863F6AA1CB}.Release|Any CPU.ActiveCfg = Release|Any CPU
		{79FAD444-21E0-4666-9DD1-81863F6AA1CB}.Release|Any CPU.Build.0 = Release|Any CPU
		{17E4C6A0-5A9A-492D-B66A-506F31A5D55B}.Debug|Any CPU.ActiveCfg = Debug|Any CPU
		{17E4C6A0-5A9A-492D-B66A-506F31A5D55B}.Debug|Any CPU.Build.0 = Debug|Any CPU
		{17E4C6A0-5A9A-492D-B66A-506F31A5D55B}.Release|Any CPU.ActiveCfg = Release|Any CPU
		{17E4C6A0-5A9A-492D-B66A-506F31A5D55B}.Release|Any CPU.Build.0 = Release|Any CPU
	EndGlobalSection
	GlobalSection(SolutionProperties) = preSolution
		HideSolutionNode = FALSE
	EndGlobalSection
EndGlobal
