
Microsoft Visual Studio Solution File, Format Version 12.00
# Visual Studio 14
VisualStudioVersion = 14.0.24720.0
MinimumVisualStudioVersion = 10.0.40219.1
Project("{FAE04EC0-301F-11D3-BF4B-00C04F79EFBC}") = "Melek.Tests", "Melek.Tests\Melek.Tests.csproj", "{EE9E7DB9-8DB2-4729-85EB-FBD25345B820}"
EndProject
Project("{FAE04EC0-301F-11D3-BF4B-00C04F79EFBC}") = "Melek.Nivix", "Melek.Nivix\Melek.Nivix.csproj", "{1EB0C33D-264C-4680-A46E-996444E14E41}"
EndProject
Project("{8BB2217D-0F2D-49D1-97BC-3654ED321F3B}") = "Melek.Client", "Melek.Client\Melek.Client.xproj", "{14B22ACA-2CCF-4C54-84E3-DB0251F8E58B}"
EndProject
Project("{8BB2217D-0F2D-49D1-97BC-3654ED321F3B}") = "Melek", "Melek\Melek.xproj", "{17E4C6A0-5A9A-492D-B66A-506F31A5D55B}"
EndProject
Project("{FAE04EC0-301F-11D3-BF4B-00C04F79EFBC}") = "Melek.Nivix.Universal", "Melek.Nivix.Universal\Melek.Nivix.Universal.csproj", "{1A8EDEF0-9AD8-4382-AE5B-F2C0436E3051}"
EndProject
Project("{8BB2217D-0F2D-49D1-97BC-3654ED321F3B}") = "Melek.Client.Dojo", "Melek.Client.Dojo\Melek.Client.Dojo.xproj", "{1587FE73-C308-4124-998C-D618F35A84F4}"
EndProject
Project("{8BB2217D-0F2D-49D1-97BC-3654ED321F3B}") = "Melek.Api", "Melek.Api\Melek.Api.xproj", "{F5402D11-8016-4863-BFF8-CF42C36A88FA}"
EndProject
Global
	GlobalSection(SolutionConfigurationPlatforms) = preSolution
		Debug|Any CPU = Debug|Any CPU
		Debug|ARM = Debug|ARM
		Debug|x64 = Debug|x64
		Debug|x86 = Debug|x86
		Release|Any CPU = Release|Any CPU
		Release|ARM = Release|ARM
		Release|x64 = Release|x64
		Release|x86 = Release|x86
	EndGlobalSection
	GlobalSection(ProjectConfigurationPlatforms) = postSolution
		{EE9E7DB9-8DB2-4729-85EB-FBD25345B820}.Debug|Any CPU.ActiveCfg = Debug|Any CPU
		{EE9E7DB9-8DB2-4729-85EB-FBD25345B820}.Debug|Any CPU.Build.0 = Debug|Any CPU
		{EE9E7DB9-8DB2-4729-85EB-FBD25345B820}.Debug|ARM.ActiveCfg = Debug|Any CPU
		{EE9E7DB9-8DB2-4729-85EB-FBD25345B820}.Debug|ARM.Build.0 = Debug|Any CPU
		{EE9E7DB9-8DB2-4729-85EB-FBD25345B820}.Debug|x64.ActiveCfg = Debug|Any CPU
		{EE9E7DB9-8DB2-4729-85EB-FBD25345B820}.Debug|x64.Build.0 = Debug|Any CPU
		{EE9E7DB9-8DB2-4729-85EB-FBD25345B820}.Debug|x86.ActiveCfg = Debug|Any CPU
		{EE9E7DB9-8DB2-4729-85EB-FBD25345B820}.Debug|x86.Build.0 = Debug|Any CPU
		{EE9E7DB9-8DB2-4729-85EB-FBD25345B820}.Release|Any CPU.ActiveCfg = Release|Any CPU
		{EE9E7DB9-8DB2-4729-85EB-FBD25345B820}.Release|Any CPU.Build.0 = Release|Any CPU
		{EE9E7DB9-8DB2-4729-85EB-FBD25345B820}.Release|ARM.ActiveCfg = Release|Any CPU
		{EE9E7DB9-8DB2-4729-85EB-FBD25345B820}.Release|ARM.Build.0 = Release|Any CPU
		{EE9E7DB9-8DB2-4729-85EB-FBD25345B820}.Release|x64.ActiveCfg = Release|Any CPU
		{EE9E7DB9-8DB2-4729-85EB-FBD25345B820}.Release|x64.Build.0 = Release|Any CPU
		{EE9E7DB9-8DB2-4729-85EB-FBD25345B820}.Release|x86.ActiveCfg = Release|Any CPU
		{EE9E7DB9-8DB2-4729-85EB-FBD25345B820}.Release|x86.Build.0 = Release|Any CPU
		{1EB0C33D-264C-4680-A46E-996444E14E41}.Debug|Any CPU.ActiveCfg = Debug|Any CPU
		{1EB0C33D-264C-4680-A46E-996444E14E41}.Debug|Any CPU.Build.0 = Debug|Any CPU
		{1EB0C33D-264C-4680-A46E-996444E14E41}.Debug|ARM.ActiveCfg = Debug|Any CPU
		{1EB0C33D-264C-4680-A46E-996444E14E41}.Debug|ARM.Build.0 = Debug|Any CPU
		{1EB0C33D-264C-4680-A46E-996444E14E41}.Debug|x64.ActiveCfg = Debug|Any CPU
		{1EB0C33D-264C-4680-A46E-996444E14E41}.Debug|x64.Build.0 = Debug|Any CPU
		{1EB0C33D-264C-4680-A46E-996444E14E41}.Debug|x86.ActiveCfg = Debug|Any CPU
		{1EB0C33D-264C-4680-A46E-996444E14E41}.Debug|x86.Build.0 = Debug|Any CPU
		{1EB0C33D-264C-4680-A46E-996444E14E41}.Release|Any CPU.ActiveCfg = Release|Any CPU
		{1EB0C33D-264C-4680-A46E-996444E14E41}.Release|Any CPU.Build.0 = Release|Any CPU
		{1EB0C33D-264C-4680-A46E-996444E14E41}.Release|ARM.ActiveCfg = Release|Any CPU
		{1EB0C33D-264C-4680-A46E-996444E14E41}.Release|ARM.Build.0 = Release|Any CPU
		{1EB0C33D-264C-4680-A46E-996444E14E41}.Release|x64.ActiveCfg = Release|Any CPU
		{1EB0C33D-264C-4680-A46E-996444E14E41}.Release|x64.Build.0 = Release|Any CPU
		{1EB0C33D-264C-4680-A46E-996444E14E41}.Release|x86.ActiveCfg = Release|Any CPU
		{1EB0C33D-264C-4680-A46E-996444E14E41}.Release|x86.Build.0 = Release|Any CPU
		{14B22ACA-2CCF-4C54-84E3-DB0251F8E58B}.Debug|Any CPU.ActiveCfg = Debug|Any CPU
		{14B22ACA-2CCF-4C54-84E3-DB0251F8E58B}.Debug|Any CPU.Build.0 = Debug|Any CPU
		{14B22ACA-2CCF-4C54-84E3-DB0251F8E58B}.Debug|ARM.ActiveCfg = Debug|Any CPU
		{14B22ACA-2CCF-4C54-84E3-DB0251F8E58B}.Debug|ARM.Build.0 = Debug|Any CPU
		{14B22ACA-2CCF-4C54-84E3-DB0251F8E58B}.Debug|x64.ActiveCfg = Debug|Any CPU
		{14B22ACA-2CCF-4C54-84E3-DB0251F8E58B}.Debug|x64.Build.0 = Debug|Any CPU
		{14B22ACA-2CCF-4C54-84E3-DB0251F8E58B}.Debug|x86.ActiveCfg = Debug|Any CPU
		{14B22ACA-2CCF-4C54-84E3-DB0251F8E58B}.Debug|x86.Build.0 = Debug|Any CPU
		{14B22ACA-2CCF-4C54-84E3-DB0251F8E58B}.Release|Any CPU.ActiveCfg = Release|Any CPU
		{14B22ACA-2CCF-4C54-84E3-DB0251F8E58B}.Release|Any CPU.Build.0 = Release|Any CPU
		{14B22ACA-2CCF-4C54-84E3-DB0251F8E58B}.Release|ARM.ActiveCfg = Release|Any CPU
		{14B22ACA-2CCF-4C54-84E3-DB0251F8E58B}.Release|ARM.Build.0 = Release|Any CPU
		{14B22ACA-2CCF-4C54-84E3-DB0251F8E58B}.Release|x64.ActiveCfg = Release|Any CPU
		{14B22ACA-2CCF-4C54-84E3-DB0251F8E58B}.Release|x64.Build.0 = Release|Any CPU
		{14B22ACA-2CCF-4C54-84E3-DB0251F8E58B}.Release|x86.ActiveCfg = Release|Any CPU
		{14B22ACA-2CCF-4C54-84E3-DB0251F8E58B}.Release|x86.Build.0 = Release|Any CPU
		{17E4C6A0-5A9A-492D-B66A-506F31A5D55B}.Debug|Any CPU.ActiveCfg = Debug|Any CPU
		{17E4C6A0-5A9A-492D-B66A-506F31A5D55B}.Debug|Any CPU.Build.0 = Debug|Any CPU
		{17E4C6A0-5A9A-492D-B66A-506F31A5D55B}.Debug|ARM.ActiveCfg = Debug|Any CPU
		{17E4C6A0-5A9A-492D-B66A-506F31A5D55B}.Debug|ARM.Build.0 = Debug|Any CPU
		{17E4C6A0-5A9A-492D-B66A-506F31A5D55B}.Debug|x64.ActiveCfg = Debug|Any CPU
		{17E4C6A0-5A9A-492D-B66A-506F31A5D55B}.Debug|x64.Build.0 = Debug|Any CPU
		{17E4C6A0-5A9A-492D-B66A-506F31A5D55B}.Debug|x86.ActiveCfg = Debug|Any CPU
		{17E4C6A0-5A9A-492D-B66A-506F31A5D55B}.Debug|x86.Build.0 = Debug|Any CPU
		{17E4C6A0-5A9A-492D-B66A-506F31A5D55B}.Release|Any CPU.ActiveCfg = Release|Any CPU
		{17E4C6A0-5A9A-492D-B66A-506F31A5D55B}.Release|Any CPU.Build.0 = Release|Any CPU
		{17E4C6A0-5A9A-492D-B66A-506F31A5D55B}.Release|ARM.ActiveCfg = Release|Any CPU
		{17E4C6A0-5A9A-492D-B66A-506F31A5D55B}.Release|ARM.Build.0 = Release|Any CPU
		{17E4C6A0-5A9A-492D-B66A-506F31A5D55B}.Release|x64.ActiveCfg = Release|Any CPU
		{17E4C6A0-5A9A-492D-B66A-506F31A5D55B}.Release|x64.Build.0 = Release|Any CPU
		{17E4C6A0-5A9A-492D-B66A-506F31A5D55B}.Release|x86.ActiveCfg = Release|Any CPU
		{17E4C6A0-5A9A-492D-B66A-506F31A5D55B}.Release|x86.Build.0 = Release|Any CPU
		{1A8EDEF0-9AD8-4382-AE5B-F2C0436E3051}.Debug|Any CPU.ActiveCfg = Debug|x86
		{1A8EDEF0-9AD8-4382-AE5B-F2C0436E3051}.Debug|ARM.ActiveCfg = Debug|ARM
		{1A8EDEF0-9AD8-4382-AE5B-F2C0436E3051}.Debug|ARM.Build.0 = Debug|ARM
		{1A8EDEF0-9AD8-4382-AE5B-F2C0436E3051}.Debug|ARM.Deploy.0 = Debug|ARM
		{1A8EDEF0-9AD8-4382-AE5B-F2C0436E3051}.Debug|x64.ActiveCfg = Debug|x64
		{1A8EDEF0-9AD8-4382-AE5B-F2C0436E3051}.Debug|x64.Build.0 = Debug|x64
		{1A8EDEF0-9AD8-4382-AE5B-F2C0436E3051}.Debug|x64.Deploy.0 = Debug|x64
		{1A8EDEF0-9AD8-4382-AE5B-F2C0436E3051}.Debug|x86.ActiveCfg = Debug|x86
		{1A8EDEF0-9AD8-4382-AE5B-F2C0436E3051}.Debug|x86.Build.0 = Debug|x86
		{1A8EDEF0-9AD8-4382-AE5B-F2C0436E3051}.Debug|x86.Deploy.0 = Debug|x86
		{1A8EDEF0-9AD8-4382-AE5B-F2C0436E3051}.Release|Any CPU.ActiveCfg = Release|x86
		{1A8EDEF0-9AD8-4382-AE5B-F2C0436E3051}.Release|ARM.ActiveCfg = Release|ARM
		{1A8EDEF0-9AD8-4382-AE5B-F2C0436E3051}.Release|ARM.Build.0 = Release|ARM
		{1A8EDEF0-9AD8-4382-AE5B-F2C0436E3051}.Release|ARM.Deploy.0 = Release|ARM
		{1A8EDEF0-9AD8-4382-AE5B-F2C0436E3051}.Release|x64.ActiveCfg = Release|x64
		{1A8EDEF0-9AD8-4382-AE5B-F2C0436E3051}.Release|x64.Build.0 = Release|x64
		{1A8EDEF0-9AD8-4382-AE5B-F2C0436E3051}.Release|x64.Deploy.0 = Release|x64
		{1A8EDEF0-9AD8-4382-AE5B-F2C0436E3051}.Release|x86.ActiveCfg = Release|x86
		{1A8EDEF0-9AD8-4382-AE5B-F2C0436E3051}.Release|x86.Build.0 = Release|x86
		{1A8EDEF0-9AD8-4382-AE5B-F2C0436E3051}.Release|x86.Deploy.0 = Release|x86
		{1587FE73-C308-4124-998C-D618F35A84F4}.Debug|Any CPU.ActiveCfg = Debug|Any CPU
		{1587FE73-C308-4124-998C-D618F35A84F4}.Debug|Any CPU.Build.0 = Debug|Any CPU
		{1587FE73-C308-4124-998C-D618F35A84F4}.Debug|ARM.ActiveCfg = Debug|Any CPU
		{1587FE73-C308-4124-998C-D618F35A84F4}.Debug|ARM.Build.0 = Debug|Any CPU
		{1587FE73-C308-4124-998C-D618F35A84F4}.Debug|x64.ActiveCfg = Debug|Any CPU
		{1587FE73-C308-4124-998C-D618F35A84F4}.Debug|x64.Build.0 = Debug|Any CPU
		{1587FE73-C308-4124-998C-D618F35A84F4}.Debug|x86.ActiveCfg = Debug|Any CPU
		{1587FE73-C308-4124-998C-D618F35A84F4}.Debug|x86.Build.0 = Debug|Any CPU
		{1587FE73-C308-4124-998C-D618F35A84F4}.Release|Any CPU.ActiveCfg = Release|Any CPU
		{1587FE73-C308-4124-998C-D618F35A84F4}.Release|Any CPU.Build.0 = Release|Any CPU
		{1587FE73-C308-4124-998C-D618F35A84F4}.Release|ARM.ActiveCfg = Release|Any CPU
		{1587FE73-C308-4124-998C-D618F35A84F4}.Release|ARM.Build.0 = Release|Any CPU
		{1587FE73-C308-4124-998C-D618F35A84F4}.Release|x64.ActiveCfg = Release|Any CPU
		{1587FE73-C308-4124-998C-D618F35A84F4}.Release|x64.Build.0 = Release|Any CPU
		{1587FE73-C308-4124-998C-D618F35A84F4}.Release|x86.ActiveCfg = Release|Any CPU
		{1587FE73-C308-4124-998C-D618F35A84F4}.Release|x86.Build.0 = Release|Any CPU
		{F5402D11-8016-4863-BFF8-CF42C36A88FA}.Debug|Any CPU.ActiveCfg = Debug|Any CPU
		{F5402D11-8016-4863-BFF8-CF42C36A88FA}.Debug|Any CPU.Build.0 = Debug|Any CPU
		{F5402D11-8016-4863-BFF8-CF42C36A88FA}.Debug|ARM.ActiveCfg = Debug|Any CPU
		{F5402D11-8016-4863-BFF8-CF42C36A88FA}.Debug|ARM.Build.0 = Debug|Any CPU
		{F5402D11-8016-4863-BFF8-CF42C36A88FA}.Debug|x64.ActiveCfg = Debug|Any CPU
		{F5402D11-8016-4863-BFF8-CF42C36A88FA}.Debug|x64.Build.0 = Debug|Any CPU
		{F5402D11-8016-4863-BFF8-CF42C36A88FA}.Debug|x86.ActiveCfg = Debug|Any CPU
		{F5402D11-8016-4863-BFF8-CF42C36A88FA}.Debug|x86.Build.0 = Debug|Any CPU
		{F5402D11-8016-4863-BFF8-CF42C36A88FA}.Release|Any CPU.ActiveCfg = Release|Any CPU
		{F5402D11-8016-4863-BFF8-CF42C36A88FA}.Release|Any CPU.Build.0 = Release|Any CPU
		{F5402D11-8016-4863-BFF8-CF42C36A88FA}.Release|ARM.ActiveCfg = Release|Any CPU
		{F5402D11-8016-4863-BFF8-CF42C36A88FA}.Release|ARM.Build.0 = Release|Any CPU
		{F5402D11-8016-4863-BFF8-CF42C36A88FA}.Release|x64.ActiveCfg = Release|Any CPU
		{F5402D11-8016-4863-BFF8-CF42C36A88FA}.Release|x64.Build.0 = Release|Any CPU
		{F5402D11-8016-4863-BFF8-CF42C36A88FA}.Release|x86.ActiveCfg = Release|Any CPU
		{F5402D11-8016-4863-BFF8-CF42C36A88FA}.Release|x86.Build.0 = Release|Any CPU
	EndGlobalSection
	GlobalSection(SolutionProperties) = preSolution
		HideSolutionNode = FALSE
	EndGlobalSection
EndGlobal
